{
    "_meta": {
        "hash": {
            "sha256": "5840e49e4713e0c01b48bd9418477443bce3756686b29199130c93041404ce30"
        },
        "pipfile-spec": 6,
        "requires": {
            "python_version": "3.11"
        },
        "sources": [
            {
                "name": "pypi",
                "url": "https://pypi.org/simple",
                "verify_ssl": true
            }
        ]
    },
    "default": {
        "mail-parser": {
            "hashes": [
                "sha256:b5d3cd8752cd7c0352c4520388b00881bca24e5ce613d667d8ff8a3ce4994f51",
                "sha256:d66638acf0633dfd8a718e1e3646a6d58f8e9d75080c94638c7b267b4b0d6c86"
            ],
            "index": "pypi",
            "version": "==3.15.0"
        },
        "pillow": {
            "hashes": [
                "sha256:03150abd92771742d4a8cd6f2fa6246d847dcd2e332a18d0c15cc75bf6703040",
                "sha256:073adb2ae23431d3b9bcbcff3fe698b62ed47211d0716b067385538a1b0f28b8",
                "sha256:0b07fffc13f474264c336298d1b4ce01d9c5a011415b79d4ee5527bb69ae6f65",
                "sha256:0b7257127d646ff8676ec8a15520013a698d1fdc48bc2a79ba4e53df792526f2",
                "sha256:12ce4932caf2ddf3e41d17fc9c02d67126935a44b86df6a206cf0d7161548627",
                "sha256:15c42fb9dea42465dfd902fb0ecf584b8848ceb28b41ee2b58f866411be33f07",
                "sha256:18498994b29e1cf86d505edcb7edbe814d133d2232d256db8c7a8ceb34d18cef",
                "sha256:1c7c8ae3864846fc95f4611c78129301e203aaa2af813b703c55d10cc1628535",
                "sha256:22b012ea2d065fd163ca096f4e37e47cd8b59cf4b0fd47bfca6abb93df70b34c",
                "sha256:276a5ca930c913f714e372b2591a22c4bd3b81a418c0f6635ba832daec1cbcfc",
                "sha256:2e0918e03aa0c72ea56edbb00d4d664294815aa11291a11504a377ea018330d3",
                "sha256:3033fbe1feb1b59394615a1cafaee85e49d01b51d54de0cbf6aa8e64182518a1",
                "sha256:3168434d303babf495d4ba58fc22d6604f6e2afb97adc6a423e917dab828939c",
                "sha256:3dd6caf940756101205dffc5367babf288a30043d35f80936f9bfb37f8355b32",
                "sha256:40e1ce476a7804b0fb74bcfa80b0a2206ea6a882938eaba917f7a0f004b42502",
                "sha256:41e0051336807468be450d52b8edd12ac60bebaa97fe10c8b660f116e50b30e4",
                "sha256:4390e9ce199fc1951fcfa65795f239a8a4944117b5935a9317fb320e7767b40f",
                "sha256:502526a2cbfa431d9fc2a079bdd9061a2397b842bb6bc4239bb176da00993812",
                "sha256:51e0e543a33ed92db9f5ef69a0356e0b1a7a6b6a71b80df99f1d181ae5875636",
                "sha256:57751894f6618fd4308ed8e0c36c333e2f5469744c34729a27532b3db106ee20",
                "sha256:5d77adcd56a42d00cc1be30843d3426aa4e660cab4a61021dc84467123f7a00c",
                "sha256:655a83b0058ba47c7c52e4e2df5ecf484c1b0b0349805896dd350cbc416bdd91",
                "sha256:68943d632f1f9e3dce98908e873b3a090f6cba1cbb1b892a9e8d97c938871fbe",
                "sha256:6c738585d7a9961d8c2821a1eb3dcb978d14e238be3d70f0a706f7fa9316946b",
                "sha256:73bd195e43f3fadecfc50c682f5055ec32ee2c933243cafbfdec69ab1aa87cad",
                "sha256:772a91fc0e03eaf922c63badeca75e91baa80fe2f5f87bdaed4280662aad25c9",
                "sha256:77ec3e7be99629898c9a6d24a09de089fa5356ee408cdffffe62d67bb75fdd72",
                "sha256:7db8b751ad307d7cf238f02101e8e36a128a6cb199326e867d1398067381bff4",
                "sha256:801ec82e4188e935c7f5e22e006d01611d6b41661bba9fe45b60e7ac1a8f84de",
                "sha256:82409ffe29d70fd733ff3c1025a602abb3e67405d41b9403b00b01debc4c9a29",
                "sha256:828989c45c245518065a110434246c44a56a8b2b2f6347d1409c787e6e4651ee",
                "sha256:829f97c8e258593b9daa80638aee3789b7df9da5cf1336035016d76f03b8860c",
                "sha256:871b72c3643e516db4ecf20efe735deb27fe30ca17800e661d769faab45a18d7",
                "sha256:89dca0ce00a2b49024df6325925555d406b14aa3efc2f752dbb5940c52c56b11",
                "sha256:90fb88843d3902fe7c9586d439d1e8c05258f41da473952aa8b328d8b907498c",
                "sha256:97aabc5c50312afa5e0a2b07c17d4ac5e865b250986f8afe2b02d772567a380c",
                "sha256:9aaa107275d8527e9d6e7670b64aabaaa36e5b6bd71a1015ddd21da0d4e06448",
                "sha256:9f47eabcd2ded7698106b05c2c338672d16a6f2a485e74481f524e2a23c2794b",
                "sha256:a0a06a052c5f37b4ed81c613a455a81f9a3a69429b4fd7bb913c3fa98abefc20",
                "sha256:ab388aaa3f6ce52ac1cb8e122c4bd46657c15905904b3120a6248b5b8b0bc228",
                "sha256:ad58d27a5b0262c0c19b47d54c5802db9b34d38bbf886665b626aff83c74bacd",
                "sha256:ae5331c23ce118c53b172fa64a4c037eb83c9165aba3a7ba9ddd3ec9fa64a699",
                "sha256:af0372acb5d3598f36ec0914deed2a63f6bcdb7b606da04dc19a88d31bf0c05b",
                "sha256:afa4107d1b306cdf8953edde0534562607fe8811b6c4d9a486298ad31de733b2",
                "sha256:b03ae6f1a1878233ac620c98f3459f79fd77c7e3c2b20d460284e1fb370557d4",
                "sha256:b0915e734b33a474d76c28e07292f196cdf2a590a0d25bcc06e64e545f2d146c",
                "sha256:b4012d06c846dc2b80651b120e2cdd787b013deb39c09f407727ba90015c684f",
                "sha256:b472b5ea442148d1c3e2209f20f1e0bb0eb556538690fa70b5e1f79fa0ba8dc2",
                "sha256:b59430236b8e58840a0dfb4099a0e8717ffb779c952426a69ae435ca1f57210c",
                "sha256:b90f7616ea170e92820775ed47e136208e04c967271c9ef615b6fbd08d9af0e3",
                "sha256:b9a65733d103311331875c1dca05cb4606997fd33d6acfed695b1232ba1df193",
                "sha256:bac18ab8d2d1e6b4ce25e3424f709aceef668347db8637c2296bcf41acb7cf48",
                "sha256:bca31dd6014cb8b0b2db1e46081b0ca7d936f856da3b39744aef499db5d84d02",
                "sha256:be55f8457cd1eac957af0c3f5ece7bc3f033f89b114ef30f710882717670b2a8",
                "sha256:c7025dce65566eb6e89f56c9509d4f628fddcedb131d9465cacd3d8bac337e7e",
                "sha256:c935a22a557a560108d780f9a0fc426dd7459940dc54faa49d83249c8d3e760f",
                "sha256:dbb8e7f2abee51cef77673be97760abff1674ed32847ce04b4af90f610144c7b",
                "sha256:ebf2029c1f464c59b8bdbe5143c79fa2045a581ac53679733d3a91d400ff9efb",
                "sha256:f1ff2ee69f10f13a9596480335f406dd1f70c3650349e2be67ca3139280cade0"
            ],
            "markers": "python_version >= '3.7'",
            "version": "==9.3.0"
        },
        "pypdf2": {
            "hashes": [
                "sha256:3c7badd512c21711eb1789c2eadbf96279289c0f94452ee54a86473bfbefd732",
                "sha256:7291a552ead2e7c2d556cce03bf71842fbbab478fcba13ae75ab1d59746b4dcb"
            ],
            "index": "pypi",
            "version": "==2.11.1"
        },
        "python-dotenv": {
            "hashes": [
                "sha256:1684eb44636dd462b66c3ee016599815514527ad99965de77f43e0944634a7e5",
                "sha256:b77d08274639e3d34145dfa6c7008e66df0f04b7be7a75fd0d5292c191d79045"
            ],
            "index": "pypi",
            "version": "==0.21.0"
        },
        "reportlab": {
            "hashes": [
                "sha256:07fdd968df7941c2bfb67b9bb4532f424992dfafc71b72a4e4b291ff707e6b0e",
                "sha256:090ea99ff829d918f7b6140594373b1340a34e1e6876eddae5aa06662ec10d64",
                "sha256:109009b02fc225882ea766a5ed8be0ef473fa1356e252a3f651a6aa89b4a195f",
                "sha256:1dd0307b2b13b0482ac8314fd793fbbce263a428b189371addf0466784e1d597",
                "sha256:236a6483210049205f6180d7a7595d0ca2e4ce343d83cc94ca719a4145809c6f",
                "sha256:26c25ea4afa8b92a2c14f4edc41c8fc30505745ce84cae86538e80cacadd7ae2",
                "sha256:2a0bc7a1d64fe754b62e175ba0cf47a630b529c0488ec9ac4e4c7655e295ea4d",
                "sha256:2c9b0861d8f40d7a24b094b8834f6a489b9e8c70bceaa7fa98237eed229671ce",
                "sha256:39e92fa4ab2a8f0f2cc051d9c1e3acb881340c07ef59c0c8b627861343d653c0",
                "sha256:3a62e51a4a47616896bd0f1e9cc3fbfb174b713794a5031a34b84f69dbe01775",
                "sha256:3fd1ffdd5204301eb4c290a5752ac62f44d2d0b262e02e35a1e5234c13e14662",
                "sha256:498b4ec7e73426de64c6bf6ec03c5b3f10dedf5db8a9e13fdf195f95a3d065aa",
                "sha256:4c599645af9b5b2241a23e977a82c965a59c24cd94b2600b8d34373c66cad763",
                "sha256:4fa3cdf490f3828b055381e8c7dc7819b3e5f7a442d7af7a8f90e9806a7fff51",
                "sha256:55a070206580e161b6bbe1a96abf816c18d4c2c225d49916654714c93d842835",
                "sha256:666bdba4958b348460a765c48b8c0640e7085540846ed9494f47d8651604b33c",
                "sha256:69f41295d696c822224334f0994f1f107df7efed72211d45a1118696f1427c84",
                "sha256:6dfcf7bd6db5d80711cbbd0996b6e7a79cc414ca81457960367df11d2860f92a",
                "sha256:71cf73f9907c444ef663ea653dbac24af07c307079572c3ff8f20ad1463af3b7",
                "sha256:72ec333f089b4fce5a6d740ed0a1963a3994146be195722da0d8e14d4a7e1600",
                "sha256:759495c2b8c15cb0d6b539c246896029e4cde42a896c3956f77e311c5f6b0807",
                "sha256:7a7c3369fa618eca79f9554ce06c618a5e738e592d61d96aa09b2457ca3ea410",
                "sha256:8b1215facead57cc5325aef4229ef886e85d270b2ba02080fb5809ce9d2b81b4",
                "sha256:907f7cd4832bb295d0c1573de15cc5aab5988282caf2ee7a2b1276fb6cdf502b",
                "sha256:93e229519d046491b798f2c12dbbf2f3e237e89589aa5cbb5e1d8c1a978816db",
                "sha256:a12049314497d872f6788f811e2b331654db207937f8a2fb34ff3e3cd9897faa",
                "sha256:a8dddc52e0e486291be0ad39184da0607fae9cc665fdba1881211de9cfc0b332",
                "sha256:adf78ccb2defad5b6ecb2e2e9f2a672719b0a8e2278592a7d77f6c220a042388",
                "sha256:b13cebf4e397bba14542bcd023338b6ff2c151a3a12aabca89eecbf972cb361a",
                "sha256:b3648f3c340b6b6aabf9352341478c708cee6f00c5cd5c902311fcf4ce870f3c",
                "sha256:b6a1b685da0b9a8000bb980e02d9d5be202d0cc539af113b661c76c051fca6f1",
                "sha256:b777ddc57b2d3366cbc540616034cdc1089ca0a31fefc907028e1dd62a6bf16c",
                "sha256:bb83df8f7840321d34cb5b24c972c617a8c1716c8a36e5050fff56adf5891b8c",
                "sha256:c07ec796a2a5d44bf787f2b623b6e668a389b0cafb78af34cf74554ff3bc532b",
                "sha256:c40e108072379ff83dd7442159ebc249d12eb8eec15b70614953fecd2c403792",
                "sha256:c4863c49602722237e35cbce5aa91af4539cc63a671f59504d2b3f3767d898cf",
                "sha256:c56d701f7dc662e1d3d7fe364e66fa1339eafce54a488c2d16ec0ea49dc213c2",
                "sha256:c84afd5bef6e407c80ba9f99b6abbe3ea78e8243b0f19897a871a7bcad1f749d",
                "sha256:cdd206883e999278d2af656f988dfcc89eb0c175ce6d75e87b713cf1e792c0c4",
                "sha256:ce85a204f46c871c8af6fa64b9bbed165456935c1d0bfb2f570a3194f6723ddb",
                "sha256:cee3b6ebef5e4a8654ec5f0effeb1a2bb157ad87b0ac856871d25a805c0f2f90",
                "sha256:d4cecfb48a6cfbfe2caf0fc280cecea999699e63bc98cb02254bd87b39eff677",
                "sha256:db62bed0774778fdf82c609cb9efd0062f2fdcd285be527d01f6be9fd9755888",
                "sha256:f51dcb39e910a853749250c0f82aced80bca3f7315e9c4ee14349eb7cab6a3f8",
                "sha256:f5808e1dac6b66c109d6205ce2aebf84bb89e1a1493b7e6df38932df5ebfb9cf"
            ],
            "index": "pypi",
            "version": "==3.6.12"
        },
        "simplejson": {
            "hashes": [
                "sha256:04e31fa6ac8e326480703fb6ded1488bfa6f1d3f760d32e29dbf66d0838982ce",
                "sha256:068670af975247acbb9fc3d5393293368cda17026db467bf7a51548ee8f17ee1",
                "sha256:07ecaafc1b1501f275bf5acdee34a4ad33c7c24ede287183ea77a02dc071e0c0",
                "sha256:0b4126cac7d69ac06ff22efd3e0b3328a4a70624fcd6bca4fc1b4e6d9e2e12bf",
                "sha256:0de783e9c2b87bdd75b57efa2b6260c24b94605b5c9843517577d40ee0c3cc8a",
                "sha256:12133863178a8080a3dccbf5cb2edfab0001bc41e5d6d2446af2a1131105adfe",
                "sha256:1c9b1ed7ed282b36571638297525f8ef80f34b3e2d600a56f962c6044f24200d",
                "sha256:23fe704da910ff45e72543cbba152821685a889cf00fc58d5c8ee96a9bad5f94",
                "sha256:28221620f4dcabdeac310846629b976e599a13f59abb21616356a85231ebd6ad",
                "sha256:35a49ebef25f1ebdef54262e54ae80904d8692367a9f208cdfbc38dbf649e00a",
                "sha256:37bc0cf0e5599f36072077e56e248f3336917ded1d33d2688624d8ed3cefd7d2",
                "sha256:3fe87570168b2ae018391e2b43fbf66e8593a86feccb4b0500d134c998983ccc",
                "sha256:3ff5b3464e1ce86a8de8c88e61d4836927d5595c2162cab22e96ff551b916e81",
                "sha256:401d40969cee3df7bda211e57b903a534561b77a7ade0dd622a8d1a31eaa8ba7",
                "sha256:4b6bd8144f15a491c662f06814bd8eaa54b17f26095bb775411f39bacaf66837",
                "sha256:4c09868ddb86bf79b1feb4e3e7e4a35cd6e61ddb3452b54e20cf296313622566",
                "sha256:4d1c135af0c72cb28dd259cf7ba218338f4dc027061262e46fe058b4e6a4c6a3",
                "sha256:4ff4ac6ff3aa8f814ac0f50bf218a2e1a434a17aafad4f0400a57a8cc62ef17f",
                "sha256:521877c7bd060470806eb6335926e27453d740ac1958eaf0d8c00911bc5e1802",
                "sha256:522fad7be85de57430d6d287c4b635813932946ebf41b913fe7e880d154ade2e",
                "sha256:5540fba2d437edaf4aa4fbb80f43f42a8334206ad1ad3b27aef577fd989f20d9",
                "sha256:5d6b4af7ad7e4ac515bc6e602e7b79e2204e25dbd10ab3aa2beef3c5a9cad2c7",
                "sha256:5decdc78849617917c206b01e9fc1d694fd58caa961be816cb37d3150d613d9a",
                "sha256:632ecbbd2228575e6860c9e49ea3cc5423764d5aa70b92acc4e74096fb434044",
                "sha256:65b998193bd7b0c7ecdfffbc825d808eac66279313cb67d8892bb259c9d91494",
                "sha256:67093a526e42981fdd954868062e56c9b67fdd7e712616cc3265ad0c210ecb51",
                "sha256:681eb4d37c9a9a6eb9b3245a5e89d7f7b2b9895590bb08a20aa598c1eb0a1d9d",
                "sha256:69bd56b1d257a91e763256d63606937ae4eb890b18a789b66951c00062afec33",
                "sha256:724c1fe135aa437d5126138d977004d165a3b5e2ee98fc4eb3e7c0ef645e7e27",
                "sha256:7255a37ff50593c9b2f1afa8fafd6ef5763213c1ed5a9e2c6f5b9cc925ab979f",
                "sha256:743cd768affaa508a21499f4858c5b824ffa2e1394ed94eb85caf47ac0732198",
                "sha256:80d3bc9944be1d73e5b1726c3bbfd2628d3d7fe2880711b1eb90b617b9b8ac70",
                "sha256:82ff356ff91be0ab2293fc6d8d262451eb6ac4fd999244c4b5f863e049ba219c",
                "sha256:8e8607d8f6b4f9d46fee11447e334d6ab50e993dd4dbfb22f674616ce20907ab",
                "sha256:97202f939c3ff341fc3fa84d15db86156b1edc669424ba20b0a1fcd4a796a045",
                "sha256:9b01e7b00654115965a206e3015f0166674ec1e575198a62a977355597c0bef5",
                "sha256:9fa621b3c0c05d965882c920347b6593751b7ab20d8fa81e426f1735ca1a9fc7",
                "sha256:a1aa6e4cae8e3b8d5321be4f51c5ce77188faf7baa9fe1e78611f93a8eed2882",
                "sha256:a2d30d6c1652140181dc6861f564449ad71a45e4f165a6868c27d36745b65d40",
                "sha256:a649d0f66029c7eb67042b15374bd93a26aae202591d9afd71e111dd0006b198",
                "sha256:a7854326920d41c3b5d468154318fe6ba4390cb2410480976787c640707e0180",
                "sha256:a89acae02b2975b1f8e4974cb8cdf9bf9f6c91162fb8dec50c259ce700f2770a",
                "sha256:a8bbdb166e2fb816e43ab034c865147edafe28e1b19c72433147789ac83e2dda",
                "sha256:ac786f6cb7aa10d44e9641c7a7d16d7f6e095b138795cd43503769d4154e0dc2",
                "sha256:b09bc62e5193e31d7f9876220fb429ec13a6a181a24d897b9edfbbdbcd678851",
                "sha256:b10556817f09d46d420edd982dd0653940b90151d0576f09143a8e773459f6fe",
                "sha256:b81076552d34c27e5149a40187a8f7e2abb2d3185576a317aaf14aeeedad862a",
                "sha256:bdfc54b4468ed4cd7415928cbe782f4d782722a81aeb0f81e2ddca9932632211",
                "sha256:cf6e7d5fe2aeb54898df18db1baf479863eae581cce05410f61f6b4188c8ada1",
                "sha256:cf98038d2abf63a1ada5730e91e84c642ba6c225b0198c3684151b1f80c5f8a6",
                "sha256:d24a9e61df7a7787b338a58abfba975414937b609eb6b18973e25f573bc0eeeb",
                "sha256:d74ee72b5071818a1a5dab47338e87f08a738cb938a3b0653b9e4d959ddd1fd9",
                "sha256:dd16302d39c4d6f4afde80edd0c97d4db643327d355a312762ccd9bd2ca515ed",
                "sha256:dd2fb11922f58df8528adfca123f6a84748ad17d066007e7ac977720063556bd",
                "sha256:deac4bdafa19bbb89edfb73b19f7f69a52d0b5bd3bb0c4ad404c1bbfd7b4b7fd",
                "sha256:e03c3b8cc7883a54c3f34a6a135c4a17bc9088a33f36796acdb47162791b02f6",
                "sha256:e1ec8a9ee0987d4524ffd6299e778c16cc35fef6d1a2764e609f90962f0b293a",
                "sha256:e8603e691580487f11306ecb066c76f1f4a8b54fb3bdb23fa40643a059509366",
                "sha256:f444762fed1bc1fd75187ef14a20ed900c1fbb245d45be9e834b822a0223bc81",
                "sha256:f63600ec06982cdf480899026f4fda622776f5fabed9a869fdb32d72bc17e99a",
                "sha256:fb62d517a516128bacf08cb6a86ecd39fb06d08e7c4980251f5d5601d29989ba"
            ],
            "markers": "python_version >= '2.5' and python_version not in '3.0, 3.1, 3.2, 3.3'",
            "version": "==3.17.6"
        },
        "six": {
            "hashes": [
                "sha256:1e61c37477a1626458e36f7b1d82aa5c9b094fa4802892072e49de9c60c4c926",
                "sha256:8abb2f1d86890a2dfb989f9a77cfcfd3e47c2a354b01111771326f8aa26e0254"
            ],
            "markers": "python_version >= '2.7' and python_version not in '3.0, 3.1, 3.2, 3.3'",
            "version": "==1.16.0"
        }
    },
    "develop": {}
}
